
Microsoft Visual Studio Solution File, Format Version 12.00
# Visual Studio Version 16
VisualStudioVersion = 16.0.31005.135
MinimumVisualStudioVersion = 10.0.40219.1
Project("{FAE04EC0-301F-11D3-BF4B-00C04F79EFBC}") = "CinemaIngenioLaUnion", "Test2\CinemaIngenioLaUnion.csproj", "{699C661E-580E-468E-9880-65FD3610AA2D}"
EndProject
Global
	GlobalSection(SolutionConfigurationPlatforms) = preSolution
		Debug|Any CPU = Debug|Any CPU
		Release|Any CPU = Release|Any CPU
	EndGlobalSection
	GlobalSection(ProjectConfigurationPlatforms) = postSolution
		{699C661E-580E-468E-9880-65FD3610AA2D}.Debug|Any CPU.ActiveCfg = Debug|Any CPU
		{699C661E-580E-468E-9880-65FD3610AA2D}.Debug|Any CPU.Build.0 = Debug|Any CPU
		{699C661E-580E-468E-9880-65FD3610AA2D}.Release|Any CPU.ActiveCfg = Release|Any CPU
		{699C661E-580E-468E-9880-65FD3610AA2D}.Release|Any CPU.Build.0 = Release|Any CPU
	EndGlobalSection
	GlobalSection(SolutionProperties) = preSolution
		HideSolutionNode = FALSE
	EndGlobalSection
	GlobalSection(ExtensibilityGlobals) = postSolution
		SolutionGuid = {7A20C4B0-9446-4D6F-AB5D-129AA1057853}
	EndGlobalSection
EndGlobal
